
Microsoft Visual Studio Solution File, Format Version 12.00
# Visual Studio 15
VisualStudioVersion = 15.0.27703.2042
MinimumVisualStudioVersion = 10.0.40219.1
Project("{FAE04EC0-301F-11D3-BF4B-00C04F79EFBC}") = "BWYouCore", "BWYouCore\BWYouCore.csproj", "{7BFD2A5B-882C-49FB-962F-58C377734AC9}"
EndProject
Project("{FAE04EC0-301F-11D3-BF4B-00C04F79EFBC}") = "BWYouCore.Web.MVC", "BWYouCore.Web.MVC\BWYouCore.Web.MVC.csproj", "{023E31C9-5C02-447F-A6F3-E8E8EB0C45A8}"
EndProject
Project("{FAE04EC0-301F-11D3-BF4B-00C04F79EFBC}") = "BWYouCore.Web.M", "BWYouCore.Web.M\BWYouCore.Web.M.csproj", "{C0BB906D-980C-4354-B514-094CEC1F98CA}"
EndProject
Global
	GlobalSection(SolutionConfigurationPlatforms) = preSolution
		Debug|Any CPU = Debug|Any CPU
		Release|Any CPU = Release|Any CPU
	EndGlobalSection
	GlobalSection(ProjectConfigurationPlatforms) = postSolution
		{7BFD2A5B-882C-49FB-962F-58C377734AC9}.Debug|Any CPU.ActiveCfg = Debug|Any CPU
		{7BFD2A5B-882C-49FB-962F-58C377734AC9}.Debug|Any CPU.Build.0 = Debug|Any CPU
		{7BFD2A5B-882C-49FB-962F-58C377734AC9}.Release|Any CPU.ActiveCfg = Release|Any CPU
		{7BFD2A5B-882C-49FB-962F-58C377734AC9}.Release|Any CPU.Build.0 = Release|Any CPU
		{023E31C9-5C02-447F-A6F3-E8E8EB0C45A8}.Debug|Any CPU.ActiveCfg = Debug|Any CPU
		{023E31C9-5C02-447F-A6F3-E8E8EB0C45A8}.Debug|Any CPU.Build.0 = Debug|Any CPU
		{023E31C9-5C02-447F-A6F3-E8E8EB0C45A8}.Release|Any CPU.ActiveCfg = Release|Any CPU
		{023E31C9-5C02-447F-A6F3-E8E8EB0C45A8}.Release|Any CPU.Build.0 = Release|Any CPU
		{C0BB906D-980C-4354-B514-094CEC1F98CA}.Debug|Any CPU.ActiveCfg = Debug|Any CPU
		{C0BB906D-980C-4354-B514-094CEC1F98CA}.Debug|Any CPU.Build.0 = Debug|Any CPU
		{C0BB906D-980C-4354-B514-094CEC1F98CA}.Release|Any CPU.ActiveCfg = Release|Any CPU
		{C0BB906D-980C-4354-B514-094CEC1F98CA}.Release|Any CPU.Build.0 = Release|Any CPU
	EndGlobalSection
	GlobalSection(SolutionProperties) = preSolution
		HideSolutionNode = FALSE
	EndGlobalSection
	GlobalSection(ExtensibilityGlobals) = postSolution
		SolutionGuid = {4D6AFC07-4B42-4AC7-84D4-A73A2DE52BFF}
	EndGlobalSection
EndGlobal
