
Microsoft Visual Studio Solution File, Format Version 12.00
# Visual Studio 15
VisualStudioVersion = 15.0.27703.2042
MinimumVisualStudioVersion = 10.0.40219.1
Project("{9A19103F-16F7-4668-BE54-9A1E7A4F7556}") = "BWYouCore", "BWYouCore\BWYouCore.csproj", "{7BFD2A5B-882C-49FB-962F-58C377734AC9}"
EndProject
Project("{9A19103F-16F7-4668-BE54-9A1E7A4F7556}") = "BWYouCore.Web.MVC", "BWYouCore.Web.MVC\BWYouCore.Web.MVC.csproj", "{023E31C9-5C02-447F-A6F3-E8E8EB0C45A8}"
EndProject
Project("{9A19103F-16F7-4668-BE54-9A1E7A4F7556}") = "BWYouCore.Web.M", "BWYouCore.Web.M\BWYouCore.Web.M.csproj", "{C0BB906D-980C-4354-B514-094CEC1F98CA}"
EndProject
Project("{9A19103F-16F7-4668-BE54-9A1E7A4F7556}") = "BWYouCore.Cloud", "BWYouCore.Cloud\BWYouCore.Cloud.csproj", "{0531EFD1-DB39-46FC-A123-B164E96968F5}"
EndProject
Project("{9A19103F-16F7-4668-BE54-9A1E7A4F7556}") = "BWYouCore.Crypt", "BWYouCore.Crypt\BWYouCore.Crypt.csproj", "{5B9C4CE9-20CA-4825-BDE5-A46F61A1A6E4}"
EndProject
Project("{FAE04EC0-301F-11D3-BF4B-00C04F79EFBC}") = "BWYouCore.Compress", "BWYouCore.Compress\BWYouCore.Compress.csproj", "{20023D30-AE92-4C14-9B7A-5C8D04AACEB7}"
EndProject
Global
	GlobalSection(SolutionConfigurationPlatforms) = preSolution
		Debug|Any CPU = Debug|Any CPU
		Release|Any CPU = Release|Any CPU
	EndGlobalSection
	GlobalSection(ProjectConfigurationPlatforms) = postSolution
		{7BFD2A5B-882C-49FB-962F-58C377734AC9}.Debug|Any CPU.ActiveCfg = Debug|Any CPU
		{7BFD2A5B-882C-49FB-962F-58C377734AC9}.Debug|Any CPU.Build.0 = Debug|Any CPU
		{7BFD2A5B-882C-49FB-962F-58C377734AC9}.Release|Any CPU.ActiveCfg = Release|Any CPU
		{7BFD2A5B-882C-49FB-962F-58C377734AC9}.Release|Any CPU.Build.0 = Release|Any CPU
		{023E31C9-5C02-447F-A6F3-E8E8EB0C45A8}.Debug|Any CPU.ActiveCfg = Debug|Any CPU
		{023E31C9-5C02-447F-A6F3-E8E8EB0C45A8}.Debug|Any CPU.Build.0 = Debug|Any CPU
		{023E31C9-5C02-447F-A6F3-E8E8EB0C45A8}.Release|Any CPU.ActiveCfg = Release|Any CPU
		{023E31C9-5C02-447F-A6F3-E8E8EB0C45A8}.Release|Any CPU.Build.0 = Release|Any CPU
		{C0BB906D-980C-4354-B514-094CEC1F98CA}.Debug|Any CPU.ActiveCfg = Debug|Any CPU
		{C0BB906D-980C-4354-B514-094CEC1F98CA}.Debug|Any CPU.Build.0 = Debug|Any CPU
		{C0BB906D-980C-4354-B514-094CEC1F98CA}.Release|Any CPU.ActiveCfg = Release|Any CPU
		{C0BB906D-980C-4354-B514-094CEC1F98CA}.Release|Any CPU.Build.0 = Release|Any CPU
		{0531EFD1-DB39-46FC-A123-B164E96968F5}.Debug|Any CPU.ActiveCfg = Debug|Any CPU
		{0531EFD1-DB39-46FC-A123-B164E96968F5}.Debug|Any CPU.Build.0 = Debug|Any CPU
		{0531EFD1-DB39-46FC-A123-B164E96968F5}.Release|Any CPU.ActiveCfg = Release|Any CPU
		{0531EFD1-DB39-46FC-A123-B164E96968F5}.Release|Any CPU.Build.0 = Release|Any CPU
		{5B9C4CE9-20CA-4825-BDE5-A46F61A1A6E4}.Debug|Any CPU.ActiveCfg = Debug|Any CPU
		{5B9C4CE9-20CA-4825-BDE5-A46F61A1A6E4}.Debug|Any CPU.Build.0 = Debug|Any CPU
		{5B9C4CE9-20CA-4825-BDE5-A46F61A1A6E4}.Release|Any CPU.ActiveCfg = Release|Any CPU
		{5B9C4CE9-20CA-4825-BDE5-A46F61A1A6E4}.Release|Any CPU.Build.0 = Release|Any CPU
		{20023D30-AE92-4C14-9B7A-5C8D04AACEB7}.Debug|Any CPU.ActiveCfg = Debug|Any CPU
		{20023D30-AE92-4C14-9B7A-5C8D04AACEB7}.Debug|Any CPU.Build.0 = Debug|Any CPU
		{20023D30-AE92-4C14-9B7A-5C8D04AACEB7}.Release|Any CPU.ActiveCfg = Release|Any CPU
		{20023D30-AE92-4C14-9B7A-5C8D04AACEB7}.Release|Any CPU.Build.0 = Release|Any CPU
	EndGlobalSection
	GlobalSection(SolutionProperties) = preSolution
		HideSolutionNode = FALSE
	EndGlobalSection
	GlobalSection(ExtensibilityGlobals) = postSolution
		SolutionGuid = {4D6AFC07-4B42-4AC7-84D4-A73A2DE52BFF}
	EndGlobalSection
EndGlobal
